
Microsoft Visual Studio Solution File, Format Version 12.00
# Visual Studio Version 17
VisualStudioVersion = 17.2.32616.157
MinimumVisualStudioVersion = 10.0.40219.1
Project("{FAE04EC0-301F-11D3-BF4B-00C04F79EFBC}") = "KitapEvi", "KitapEvi\KitapEvi.csproj", "{C158574B-DB75-408B-B9C8-817F6459BC3C}"
EndProject
Project("{FAE04EC0-301F-11D3-BF4B-00C04F79EFBC}") = "KitapEvi_DataAccess", "KitapEvi_DataAccess\KitapEvi_DataAccess.csproj", "{59584EBA-9557-48CC-B3D7-844D6EDE32D5}"
EndProject
Project("{FAE04EC0-301F-11D3-BF4B-00C04F79EFBC}") = "KitapEvi_Model", "KitapEvi_Model\KitapEvi_Model.csproj", "{F585F466-74C5-4FC3-B4CF-277F9A90A63A}"
EndProject
Global
	GlobalSection(SolutionConfigurationPlatforms) = preSolution
		Debug|Any CPU = Debug|Any CPU
		Release|Any CPU = Release|Any CPU
	EndGlobalSection
	GlobalSection(ProjectConfigurationPlatforms) = postSolution
		{C158574B-DB75-408B-B9C8-817F6459BC3C}.Debug|Any CPU.ActiveCfg = Debug|Any CPU
		{C158574B-DB75-408B-B9C8-817F6459BC3C}.Debug|Any CPU.Build.0 = Debug|Any CPU
		{C158574B-DB75-408B-B9C8-817F6459BC3C}.Release|Any CPU.ActiveCfg = Release|Any CPU
		{C158574B-DB75-408B-B9C8-817F6459BC3C}.Release|Any CPU.Build.0 = Release|Any CPU
		{59584EBA-9557-48CC-B3D7-844D6EDE32D5}.Debug|Any CPU.ActiveCfg = Debug|Any CPU
		{59584EBA-9557-48CC-B3D7-844D6EDE32D5}.Debug|Any CPU.Build.0 = Debug|Any CPU
		{59584EBA-9557-48CC-B3D7-844D6EDE32D5}.Release|Any CPU.ActiveCfg = Release|Any CPU
		{59584EBA-9557-48CC-B3D7-844D6EDE32D5}.Release|Any CPU.Build.0 = Release|Any CPU
		{F585F466-74C5-4FC3-B4CF-277F9A90A63A}.Debug|Any CPU.ActiveCfg = Debug|Any CPU
		{F585F466-74C5-4FC3-B4CF-277F9A90A63A}.Debug|Any CPU.Build.0 = Debug|Any CPU
		{F585F466-74C5-4FC3-B4CF-277F9A90A63A}.Release|Any CPU.ActiveCfg = Release|Any CPU
		{F585F466-74C5-4FC3-B4CF-277F9A90A63A}.Release|Any CPU.Build.0 = Release|Any CPU
	EndGlobalSection
	GlobalSection(SolutionProperties) = preSolution
		HideSolutionNode = FALSE
	EndGlobalSection
	GlobalSection(ExtensibilityGlobals) = postSolution
		SolutionGuid = {8BA54BDF-F374-499D-B9B8-0E7000F794CE}
	EndGlobalSection
EndGlobal
